// !$*UTF8*$!
{
	archiveVersion = 1;
	classes = {
	};
	objectVersion = 51;
	objects = {

/* Begin PBXBuildFile section */
		3A91685E2403787F0014FFF6 /* AppDelegate.swift in Sources */ = {isa = PBXBuildFile; fileRef = 3A91685D2403787F0014FFF6 /* AppDelegate.swift */; };
		3A9168602403787F0014FFF6 /* SceneDelegate.swift in Sources */ = {isa = PBXBuildFile; fileRef = 3A91685F2403787F0014FFF6 /* SceneDelegate.swift */; };
		3A9168622403787F0014FFF6 /* ContentView.swift in Sources */ = {isa = PBXBuildFile; fileRef = 3A9168612403787F0014FFF6 /* ContentView.swift */; };
		3A916864240378800014FFF6 /* Assets.xcassets in Resources */ = {isa = PBXBuildFile; fileRef = 3A916863240378800014FFF6 /* Assets.xcassets */; };
		3A916867240378800014FFF6 /* Preview Assets.xcassets in Resources */ = {isa = PBXBuildFile; fileRef = 3A916866240378800014FFF6 /* Preview Assets.xcassets */; };
		3A91686A240378800014FFF6 /* LaunchScreen.storyboard in Resources */ = {isa = PBXBuildFile; fileRef = 3A916868240378800014FFF6 /* LaunchScreen.storyboard */; };
		84BE3960241C37F80039BEC9 /* IlpView.swift in Sources */ = {isa = PBXBuildFile; fileRef = 84BE395F241C37F80039BEC9 /* IlpView.swift */; };
		84BE3962241C395B0039BEC9 /* XrplView.swift in Sources */ = {isa = PBXBuildFile; fileRef = 84BE3961241C395B0039BEC9 /* XrplView.swift */; };
		968EBF9F36990544725940D7 /* Pods_payme.framework in Frameworks */ = {isa = PBXBuildFile; fileRef = 38BBE67A33541727B940B9D1 /* Pods_payme.framework */; };
/* End PBXBuildFile section */

/* Begin PBXFileReference section */
		38BBE67A33541727B940B9D1 /* Pods_payme.framework */ = {isa = PBXFileReference; explicitFileType = wrapper.framework; includeInIndex = 0; path = Pods_payme.framework; sourceTree = BUILT_PRODUCTS_DIR; };
		3A7891C02416D5690022F3DA /* payme.entitlements */ = {isa = PBXFileReference; lastKnownFileType = text.plist.entitlements; path = payme.entitlements; sourceTree = "<group>"; };
		3A91685A2403787F0014FFF6 /* payme.app */ = {isa = PBXFileReference; explicitFileType = wrapper.application; includeInIndex = 0; path = payme.app; sourceTree = BUILT_PRODUCTS_DIR; };
		3A91685D2403787F0014FFF6 /* AppDelegate.swift */ = {isa = PBXFileReference; lastKnownFileType = sourcecode.swift; path = AppDelegate.swift; sourceTree = "<group>"; };
		3A91685F2403787F0014FFF6 /* SceneDelegate.swift */ = {isa = PBXFileReference; lastKnownFileType = sourcecode.swift; path = SceneDelegate.swift; sourceTree = "<group>"; };
		3A9168612403787F0014FFF6 /* ContentView.swift */ = {isa = PBXFileReference; lastKnownFileType = sourcecode.swift; path = ContentView.swift; sourceTree = "<group>"; };
		3A916863240378800014FFF6 /* Assets.xcassets */ = {isa = PBXFileReference; lastKnownFileType = folder.assetcatalog; path = Assets.xcassets; sourceTree = "<group>"; };
		3A916866240378800014FFF6 /* Preview Assets.xcassets */ = {isa = PBXFileReference; lastKnownFileType = folder.assetcatalog; path = "Preview Assets.xcassets"; sourceTree = "<group>"; };
		3A916869240378800014FFF6 /* Base */ = {isa = PBXFileReference; lastKnownFileType = file.storyboard; name = Base; path = Base.lproj/LaunchScreen.storyboard; sourceTree = "<group>"; };
		3A91686B240378800014FFF6 /* Info.plist */ = {isa = PBXFileReference; lastKnownFileType = text.plist.xml; path = Info.plist; sourceTree = "<group>"; };
		84BE395F241C37F80039BEC9 /* IlpView.swift */ = {isa = PBXFileReference; lastKnownFileType = sourcecode.swift; path = IlpView.swift; sourceTree = "<group>"; };
		84BE3961241C395B0039BEC9 /* XrplView.swift */ = {isa = PBXFileReference; lastKnownFileType = sourcecode.swift; path = XrplView.swift; sourceTree = "<group>"; };
		D2DAC1B8F653A127BAE62230 /* Pods-payme.debug.xcconfig */ = {isa = PBXFileReference; includeInIndex = 1; lastKnownFileType = text.xcconfig; name = "Pods-payme.debug.xcconfig"; path = "Target Support Files/Pods-payme/Pods-payme.debug.xcconfig"; sourceTree = "<group>"; };
		E7CD6B7CB803A33102008879 /* Pods-payme.release.xcconfig */ = {isa = PBXFileReference; includeInIndex = 1; lastKnownFileType = text.xcconfig; name = "Pods-payme.release.xcconfig"; path = "Target Support Files/Pods-payme/Pods-payme.release.xcconfig"; sourceTree = "<group>"; };
/* End PBXFileReference section */

/* Begin PBXFrameworksBuildPhase section */
		3A9168572403787F0014FFF6 /* Frameworks */ = {
			isa = PBXFrameworksBuildPhase;
			buildActionMask = 2147483647;
			files = (
				968EBF9F36990544725940D7 /* Pods_payme.framework in Frameworks */,
			);
			runOnlyForDeploymentPostprocessing = 0;
		};
/* End PBXFrameworksBuildPhase section */

/* Begin PBXGroup section */
		3A9168512403787E0014FFF6 = {
			isa = PBXGroup;
			children = (
				3A91685C2403787F0014FFF6 /* payme */,
				3A91685B2403787F0014FFF6 /* Products */,
				FEF64117EB3A8212658EA84C /* Pods */,
				4776716B999CDFA9E5DF19FF /* Frameworks */,
			);
			sourceTree = "<group>";
		};
		3A91685B2403787F0014FFF6 /* Products */ = {
			isa = PBXGroup;
			children = (
				3A91685A2403787F0014FFF6 /* payme.app */,
			);
			name = Products;
			sourceTree = "<group>";
		};
		3A91685C2403787F0014FFF6 /* payme */ = {
			isa = PBXGroup;
			children = (
				3A7891C02416D5690022F3DA /* payme.entitlements */,
				3A91685D2403787F0014FFF6 /* AppDelegate.swift */,
				3A91685F2403787F0014FFF6 /* SceneDelegate.swift */,
				3A9168612403787F0014FFF6 /* ContentView.swift */,
				3A916863240378800014FFF6 /* Assets.xcassets */,
				3A916868240378800014FFF6 /* LaunchScreen.storyboard */,
				3A91686B240378800014FFF6 /* Info.plist */,
				3A916865240378800014FFF6 /* Preview Content */,
				84BE395F241C37F80039BEC9 /* IlpView.swift */,
				84BE3961241C395B0039BEC9 /* XrplView.swift */,
			);
			path = payme;
			sourceTree = "<group>";
		};
		3A916865240378800014FFF6 /* Preview Content */ = {
			isa = PBXGroup;
			children = (
				3A916866240378800014FFF6 /* Preview Assets.xcassets */,
			);
			path = "Preview Content";
			sourceTree = "<group>";
		};
		4776716B999CDFA9E5DF19FF /* Frameworks */ = {
			isa = PBXGroup;
			children = (
				38BBE67A33541727B940B9D1 /* Pods_payme.framework */,
			);
			name = Frameworks;
			sourceTree = "<group>";
		};
		FEF64117EB3A8212658EA84C /* Pods */ = {
			isa = PBXGroup;
			children = (
				D2DAC1B8F653A127BAE62230 /* Pods-payme.debug.xcconfig */,
				E7CD6B7CB803A33102008879 /* Pods-payme.release.xcconfig */,
			);
			path = Pods;
			sourceTree = "<group>";
		};
/* End PBXGroup section */

/* Begin PBXNativeTarget section */
		3A9168592403787F0014FFF6 /* payme */ = {
			isa = PBXNativeTarget;
			buildConfigurationList = 3A91686E240378800014FFF6 /* Build configuration list for PBXNativeTarget "payme" */;
			buildPhases = (
				526A92BE12225932D5E237CB /* [CP] Check Pods Manifest.lock */,
				3A9168562403787F0014FFF6 /* Sources */,
				3A9168572403787F0014FFF6 /* Frameworks */,
				3A9168582403787F0014FFF6 /* Resources */,
				DD7F342D2D2C72DAB34C2856 /* [CP] Embed Pods Frameworks */,
			);
			buildRules = (
			);
			dependencies = (
			);
			name = payme;
			productName = payme;
			productReference = 3A91685A2403787F0014FFF6 /* payme.app */;
			productType = "com.apple.product-type.application";
		};
/* End PBXNativeTarget section */

/* Begin PBXProject section */
		3A9168522403787F0014FFF6 /* Project object */ = {
			isa = PBXProject;
			attributes = {
				LastSwiftUpdateCheck = 1130;
				LastUpgradeCheck = 1130;
				ORGANIZATIONNAME = "sunyata tools";
				TargetAttributes = {
					3A9168592403787F0014FFF6 = {
						CreatedOnToolsVersion = 11.3.1;
					};
				};
			};
			buildConfigurationList = 3A9168552403787F0014FFF6 /* Build configuration list for PBXProject "payme" */;
			compatibilityVersion = "Xcode 9.3";
			developmentRegion = en;
			hasScannedForEncodings = 0;
			knownRegions = (
				en,
				Base,
			);
			mainGroup = 3A9168512403787E0014FFF6;
			productRefGroup = 3A91685B2403787F0014FFF6 /* Products */;
			projectDirPath = "";
			projectRoot = "";
			targets = (
				3A9168592403787F0014FFF6 /* payme */,
			);
		};
/* End PBXProject section */

/* Begin PBXResourcesBuildPhase section */
		3A9168582403787F0014FFF6 /* Resources */ = {
			isa = PBXResourcesBuildPhase;
			buildActionMask = 2147483647;
			files = (
				3A91686A240378800014FFF6 /* LaunchScreen.storyboard in Resources */,
				3A916867240378800014FFF6 /* Preview Assets.xcassets in Resources */,
				3A916864240378800014FFF6 /* Assets.xcassets in Resources */,
			);
			runOnlyForDeploymentPostprocessing = 0;
		};
/* End PBXResourcesBuildPhase section */

/* Begin PBXShellScriptBuildPhase section */
		526A92BE12225932D5E237CB /* [CP] Check Pods Manifest.lock */ = {
			isa = PBXShellScriptBuildPhase;
			buildActionMask = 2147483647;
			files = (
			);
			inputFileListPaths = (
			);
			inputPaths = (
				"${PODS_PODFILE_DIR_PATH}/Podfile.lock",
				"${PODS_ROOT}/Manifest.lock",
			);
			name = "[CP] Check Pods Manifest.lock";
			outputFileListPaths = (
			);
			outputPaths = (
				"$(DERIVED_FILE_DIR)/Pods-payme-checkManifestLockResult.txt",
			);
			runOnlyForDeploymentPostprocessing = 0;
			shellPath = /bin/sh;
			shellScript = "diff \"${PODS_PODFILE_DIR_PATH}/Podfile.lock\" \"${PODS_ROOT}/Manifest.lock\" > /dev/null\nif [ $? != 0 ] ; then\n    # print error to STDERR\n    echo \"error: The sandbox is not in sync with the Podfile.lock. Run 'pod install' or update your CocoaPods installation.\" >&2\n    exit 1\nfi\n# This output is used by Xcode 'outputs' to avoid re-running this script phase.\necho \"SUCCESS\" > \"${SCRIPT_OUTPUT_FILE_0}\"\n";
			showEnvVarsInLog = 0;
		};
		DD7F342D2D2C72DAB34C2856 /* [CP] Embed Pods Frameworks */ = {
			isa = PBXShellScriptBuildPhase;
			buildActionMask = 2147483647;
			files = (
			);
			inputFileListPaths = (
				"${PODS_ROOT}/Target Support Files/Pods-payme/Pods-payme-frameworks-${CONFIGURATION}-input-files.xcfilelist",
			);
			name = "[CP] Embed Pods Frameworks";
			outputFileListPaths = (
				"${PODS_ROOT}/Target Support Files/Pods-payme/Pods-payme-frameworks-${CONFIGURATION}-output-files.xcfilelist",
			);
			runOnlyForDeploymentPostprocessing = 0;
			shellPath = /bin/sh;
			shellScript = "\"${PODS_ROOT}/Target Support Files/Pods-payme/Pods-payme-frameworks.sh\"\n";
			showEnvVarsInLog = 0;
		};
/* End PBXShellScriptBuildPhase section */

/* Begin PBXSourcesBuildPhase section */
		3A9168562403787F0014FFF6 /* Sources */ = {
			isa = PBXSourcesBuildPhase;
			buildActionMask = 2147483647;
			files = (
				84BE3960241C37F80039BEC9 /* IlpView.swift in Sources */,
				3A91685E2403787F0014FFF6 /* AppDelegate.swift in Sources */,
				3A9168602403787F0014FFF6 /* SceneDelegate.swift in Sources */,
				84BE3962241C395B0039BEC9 /* XrplView.swift in Sources */,
				3A9168622403787F0014FFF6 /* ContentView.swift in Sources */,
			);
			runOnlyForDeploymentPostprocessing = 0;
		};
/* End PBXSourcesBuildPhase section */

/* Begin PBXVariantGroup section */
		3A916868240378800014FFF6 /* LaunchScreen.storyboard */ = {
			isa = PBXVariantGroup;
			children = (
				3A916869240378800014FFF6 /* Base */,
			);
			name = LaunchScreen.storyboard;
			sourceTree = "<group>";
		};
/* End PBXVariantGroup section */

/* Begin XCBuildConfiguration section */
		3A91686C240378800014FFF6 /* Debug */ = {
			isa = XCBuildConfiguration;
			buildSettings = {
				ALWAYS_SEARCH_USER_PATHS = NO;
				CLANG_ANALYZER_NONNULL = YES;
				CLANG_ANALYZER_NUMBER_OBJECT_CONVERSION = YES_AGGRESSIVE;
				CLANG_CXX_LANGUAGE_STANDARD = "gnu++14";
				CLANG_CXX_LIBRARY = "libc++";
				CLANG_ENABLE_MODULES = YES;
				CLANG_ENABLE_OBJC_ARC = YES;
				CLANG_ENABLE_OBJC_WEAK = YES;
				CLANG_WARN_BLOCK_CAPTURE_AUTORELEASING = YES;
				CLANG_WARN_BOOL_CONVERSION = YES;
				CLANG_WARN_COMMA = YES;
				CLANG_WARN_CONSTANT_CONVERSION = YES;
				CLANG_WARN_DEPRECATED_OBJC_IMPLEMENTATIONS = YES;
				CLANG_WARN_DIRECT_OBJC_ISA_USAGE = YES_ERROR;
				CLANG_WARN_DOCUMENTATION_COMMENTS = YES;
				CLANG_WARN_EMPTY_BODY = YES;
				CLANG_WARN_ENUM_CONVERSION = YES;
				CLANG_WARN_INFINITE_RECURSION = YES;
				CLANG_WARN_INT_CONVERSION = YES;
				CLANG_WARN_NON_LITERAL_NULL_CONVERSION = YES;
				CLANG_WARN_OBJC_IMPLICIT_RETAIN_SELF = YES;
				CLANG_WARN_OBJC_LITERAL_CONVERSION = YES;
				CLANG_WARN_OBJC_ROOT_CLASS = YES_ERROR;
				CLANG_WARN_RANGE_LOOP_ANALYSIS = YES;
				CLANG_WARN_STRICT_PROTOTYPES = YES;
				CLANG_WARN_SUSPICIOUS_MOVE = YES;
				CLANG_WARN_UNGUARDED_AVAILABILITY = YES_AGGRESSIVE;
				CLANG_WARN_UNREACHABLE_CODE = YES;
				CLANG_WARN__DUPLICATE_METHOD_MATCH = YES;
				COPY_PHASE_STRIP = NO;
				DEBUG_INFORMATION_FORMAT = dwarf;
				ENABLE_STRICT_OBJC_MSGSEND = YES;
				ENABLE_TESTABILITY = YES;
				GCC_C_LANGUAGE_STANDARD = gnu11;
				GCC_DYNAMIC_NO_PIC = NO;
				GCC_NO_COMMON_BLOCKS = YES;
				GCC_OPTIMIZATION_LEVEL = 0;
				GCC_PREPROCESSOR_DEFINITIONS = (
					"DEBUG=1",
					"$(inherited)",
				);
				GCC_WARN_64_TO_32_BIT_CONVERSION = YES;
				GCC_WARN_ABOUT_RETURN_TYPE = YES_ERROR;
				GCC_WARN_UNDECLARED_SELECTOR = YES;
				GCC_WARN_UNINITIALIZED_AUTOS = YES_AGGRESSIVE;
				GCC_WARN_UNUSED_FUNCTION = YES;
				GCC_WARN_UNUSED_VARIABLE = YES;
				IPHONEOS_DEPLOYMENT_TARGET = 13.2;
				MTL_ENABLE_DEBUG_INFO = INCLUDE_SOURCE;
				MTL_FAST_MATH = YES;
				ONLY_ACTIVE_ARCH = YES;
				SDKROOT = iphoneos;
				SWIFT_ACTIVE_COMPILATION_CONDITIONS = DEBUG;
				SWIFT_OPTIMIZATION_LEVEL = "-Onone";
			};
			name = Debug;
		};
		3A91686D240378800014FFF6 /* Release */ = {
			isa = XCBuildConfiguration;
			buildSettings = {
				ALWAYS_SEARCH_USER_PATHS = NO;
				CLANG_ANALYZER_NONNULL = YES;
				CLANG_ANALYZER_NUMBER_OBJECT_CONVERSION = YES_AGGRESSIVE;
				CLANG_CXX_LANGUAGE_STANDARD = "gnu++14";
				CLANG_CXX_LIBRARY = "libc++";
				CLANG_ENABLE_MODULES = YES;
				CLANG_ENABLE_OBJC_ARC = YES;
				CLANG_ENABLE_OBJC_WEAK = YES;
				CLANG_WARN_BLOCK_CAPTURE_AUTORELEASING = YES;
				CLANG_WARN_BOOL_CONVERSION = YES;
				CLANG_WARN_COMMA = YES;
				CLANG_WARN_CONSTANT_CONVERSION = YES;
				CLANG_WARN_DEPRECATED_OBJC_IMPLEMENTATIONS = YES;
				CLANG_WARN_DIRECT_OBJC_ISA_USAGE = YES_ERROR;
				CLANG_WARN_DOCUMENTATION_COMMENTS = YES;
				CLANG_WARN_EMPTY_BODY = YES;
				CLANG_WARN_ENUM_CONVERSION = YES;
				CLANG_WARN_INFINITE_RECURSION = YES;
				CLANG_WARN_INT_CONVERSION = YES;
				CLANG_WARN_NON_LITERAL_NULL_CONVERSION = YES;
				CLANG_WARN_OBJC_IMPLICIT_RETAIN_SELF = YES;
				CLANG_WARN_OBJC_LITERAL_CONVERSION = YES;
				CLANG_WARN_OBJC_ROOT_CLASS = YES_ERROR;
				CLANG_WARN_RANGE_LOOP_ANALYSIS = YES;
				CLANG_WARN_STRICT_PROTOTYPES = YES;
				CLANG_WARN_SUSPICIOUS_MOVE = YES;
				CLANG_WARN_UNGUARDED_AVAILABILITY = YES_AGGRESSIVE;
				CLANG_WARN_UNREACHABLE_CODE = YES;
				CLANG_WARN__DUPLICATE_METHOD_MATCH = YES;
				COPY_PHASE_STRIP = NO;
				DEBUG_INFORMATION_FORMAT = "dwarf-with-dsym";
				ENABLE_NS_ASSERTIONS = NO;
				ENABLE_STRICT_OBJC_MSGSEND = YES;
				GCC_C_LANGUAGE_STANDARD = gnu11;
				GCC_NO_COMMON_BLOCKS = YES;
				GCC_WARN_64_TO_32_BIT_CONVERSION = YES;
				GCC_WARN_ABOUT_RETURN_TYPE = YES_ERROR;
				GCC_WARN_UNDECLARED_SELECTOR = YES;
				GCC_WARN_UNINITIALIZED_AUTOS = YES_AGGRESSIVE;
				GCC_WARN_UNUSED_FUNCTION = YES;
				GCC_WARN_UNUSED_VARIABLE = YES;
				IPHONEOS_DEPLOYMENT_TARGET = 13.2;
				MTL_ENABLE_DEBUG_INFO = NO;
				MTL_FAST_MATH = YES;
				SDKROOT = iphoneos;
				SWIFT_COMPILATION_MODE = wholemodule;
				SWIFT_OPTIMIZATION_LEVEL = "-O";
				VALIDATE_PRODUCT = YES;
			};
			name = Release;
		};
		3A91686F240378800014FFF6 /* Debug */ = {
			isa = XCBuildConfiguration;
			baseConfigurationReference = D2DAC1B8F653A127BAE62230 /* Pods-payme.debug.xcconfig */;
			buildSettings = {
				ASSETCATALOG_COMPILER_APPICON_NAME = AppIcon;
				CODE_SIGN_ENTITLEMENTS = payme/payme.entitlements;
				CODE_SIGN_IDENTITY = "Apple Development";
				CODE_SIGN_STYLE = Automatic;
				DEVELOPMENT_ASSET_PATHS = "\"payme/Preview Content\"";
				DEVELOPMENT_TEAM = 6N25VDH5A9;
				ENABLE_PREVIEWS = YES;
				INFOPLIST_FILE = payme/Info.plist;
				LD_RUNPATH_SEARCH_PATHS = (
					"$(inherited)",
					"@executable_path/Frameworks",
				);
				PRODUCT_BUNDLE_IDENTIFIER = tools.sunyata.payme;
				PRODUCT_NAME = "$(TARGET_NAME)";
				PROVISIONING_PROFILE_SPECIFIER = "";
				SWIFT_VERSION = 5.0;
				TARGETED_DEVICE_FAMILY = "1,2";
			};
			name = Debug;
		};
		3A916870240378800014FFF6 /* Release */ = {
			isa = XCBuildConfiguration;
			baseConfigurationReference = E7CD6B7CB803A33102008879 /* Pods-payme.release.xcconfig */;
			buildSettings = {
				ASSETCATALOG_COMPILER_APPICON_NAME = AppIcon;
				CODE_SIGN_ENTITLEMENTS = payme/payme.entitlements;
				CODE_SIGN_IDENTITY = "Apple Development";
				CODE_SIGN_STYLE = Automatic;
				DEVELOPMENT_ASSET_PATHS = "\"payme/Preview Content\"";
				DEVELOPMENT_TEAM = 6N25VDH5A9;
				ENABLE_PREVIEWS = YES;
				INFOPLIST_FILE = payme/Info.plist;
				LD_RUNPATH_SEARCH_PATHS = (
					"$(inherited)",
					"@executable_path/Frameworks",
				);
				PRODUCT_BUNDLE_IDENTIFIER = tools.sunyata.payme;
				PRODUCT_NAME = "$(TARGET_NAME)";
				PROVISIONING_PROFILE_SPECIFIER = "";
				SWIFT_VERSION = 5.0;
				TARGETED_DEVICE_FAMILY = "1,2";
			};
			name = Release;
		};
/* End XCBuildConfiguration section */

/* Begin XCConfigurationList section */
		3A9168552403787F0014FFF6 /* Build configuration list for PBXProject "payme" */ = {
			isa = XCConfigurationList;
			buildConfigurations = (
				3A91686C240378800014FFF6 /* Debug */,
				3A91686D240378800014FFF6 /* Release */,
			);
			defaultConfigurationIsVisible = 0;
			defaultConfigurationName = Release;
		};
		3A91686E240378800014FFF6 /* Build configuration list for PBXNativeTarget "payme" */ = {
			isa = XCConfigurationList;
			buildConfigurations = (
				3A91686F240378800014FFF6 /* Debug */,
				3A916870240378800014FFF6 /* Release */,
			);
			defaultConfigurationIsVisible = 0;
			defaultConfigurationName = Release;
		};
/* End XCConfigurationList section */
	};
	rootObject = 3A9168522403787F0014FFF6 /* Project object */;
}
